// !$*UTF8*$!
{
	archiveVersion = 1;
	classes = {
	};
	objectVersion = 46;
	objects = {

/* Begin PBXBuildFile section */
		F45B447B1F4FBA7F004CD67F /* AppDelegate.swift in Sources */ = {isa = PBXBuildFile; fileRef = F45B447A1F4FBA7F004CD67F /* AppDelegate.swift */; };
		F45B447D1F4FBA7F004CD67F /* ViewController.swift in Sources */ = {isa = PBXBuildFile; fileRef = F45B447C1F4FBA7F004CD67F /* ViewController.swift */; };
		F45B44801F4FBA7F004CD67F /* Main.storyboard in Resources */ = {isa = PBXBuildFile; fileRef = F45B447E1F4FBA7F004CD67F /* Main.storyboard */; };
		F45B44821F4FBA7F004CD67F /* Assets.xcassets in Resources */ = {isa = PBXBuildFile; fileRef = F45B44811F4FBA7F004CD67F /* Assets.xcassets */; };
		F45B44851F4FBA7F004CD67F /* LaunchScreen.storyboard in Resources */ = {isa = PBXBuildFile; fileRef = F45B44831F4FBA7F004CD67F /* LaunchScreen.storyboard */; };
/* End PBXBuildFile section */

/* Begin PBXFileReference section */
		F45B44771F4FBA7F004CD67F /* ScreenRecord.app */ = {isa = PBXFileReference; explicitFileType = wrapper.application; includeInIndex = 0; path = ScreenRecord.app; sourceTree = BUILT_PRODUCTS_DIR; };
		F45B447A1F4FBA7F004CD67F /* AppDelegate.swift */ = {isa = PBXFileReference; lastKnownFileType = sourcecode.swift; path = AppDelegate.swift; sourceTree = "<group>"; };
		F45B447C1F4FBA7F004CD67F /* ViewController.swift */ = {isa = PBXFileReference; lastKnownFileType = sourcecode.swift; path = ViewController.swift; sourceTree = "<group>"; };
		F45B447F1F4FBA7F004CD67F /* Base */ = {isa = PBXFileReference; lastKnownFileType = file.storyboard; name = Base; path = Base.lproj/Main.storyboard; sourceTree = "<group>"; };
		F45B44811F4FBA7F004CD67F /* Assets.xcassets */ = {isa = PBXFileReference; lastKnownFileType = folder.assetcatalog; path = Assets.xcassets; sourceTree = "<group>"; };
		F45B44841F4FBA7F004CD67F /* Base */ = {isa = PBXFileReference; lastKnownFileType = file.storyboard; name = Base; path = Base.lproj/LaunchScreen.storyboard; sourceTree = "<group>"; };
		F45B44861F4FBA7F004CD67F /* Info.plist */ = {isa = PBXFileReference; lastKnownFileType = text.plist.xml; path = Info.plist; sourceTree = "<group>"; };
/* End PBXFileReference section */

/* Begin PBXFrameworksBuildPhase section */
		F45B44741F4FBA7F004CD67F /* Frameworks */ = {
			isa = PBXFrameworksBuildPhase;
			buildActionMask = 2147483647;
			files = (
			);
			runOnlyForDeploymentPostprocessing = 0;
		};
/* End PBXFrameworksBuildPhase section */

/* Begin PBXGroup section */
		F45B446E1F4FBA7F004CD67F = {
			isa = PBXGroup;
			children = (
				F45B44791F4FBA7F004CD67F /* ScreenRecord */,
				F45B44781F4FBA7F004CD67F /* Products */,
			);
			sourceTree = "<group>";
		};
		F45B44781F4FBA7F004CD67F /* Products */ = {
			isa = PBXGroup;
			children = (
				F45B44771F4FBA7F004CD67F /* ScreenRecord.app */,
			);
			name = Products;
			sourceTree = "<group>";
		};
		F45B44791F4FBA7F004CD67F /* ScreenRecord */ = {
			isa = PBXGroup;
			children = (
				F45B447A1F4FBA7F004CD67F /* AppDelegate.swift */,
				F45B447C1F4FBA7F004CD67F /* ViewController.swift */,
				F45B447E1F4FBA7F004CD67F /* Main.storyboard */,
				F45B44811F4FBA7F004CD67F /* Assets.xcassets */,
				F45B44831F4FBA7F004CD67F /* LaunchScreen.storyboard */,
				F45B44861F4FBA7F004CD67F /* Info.plist */,
			);
			path = ScreenRecord;
			sourceTree = "<group>";
		};
/* End PBXGroup section */

/* Begin PBXNativeTarget section */
		F45B44761F4FBA7F004CD67F /* ScreenRecord */ = {
			isa = PBXNativeTarget;
			buildConfigurationList = F45B44891F4FBA7F004CD67F /* Build configuration list for PBXNativeTarget "ScreenRecord" */;
			buildPhases = (
				F45B44731F4FBA7F004CD67F /* Sources */,
				F45B44741F4FBA7F004CD67F /* Frameworks */,
				F45B44751F4FBA7F004CD67F /* Resources */,
			);
			buildRules = (
			);
			dependencies = (
			);
			name = ScreenRecord;
			productName = ScreenRecord;
			productReference = F45B44771F4FBA7F004CD67F /* ScreenRecord.app */;
			productType = "com.apple.product-type.application";
		};
/* End PBXNativeTarget section */

/* Begin PBXProject section */
		F45B446F1F4FBA7F004CD67F /* Project object */ = {
			isa = PBXProject;
			attributes = {
				LastSwiftUpdateCheck = 0830;
				LastUpgradeCheck = 0830;
				ORGANIZATIONNAME = AppCoda;
				TargetAttributes = {
					F45B44761F4FBA7F004CD67F = {
						CreatedOnToolsVersion = 8.3.3;
						DevelopmentTeam = DTTYHBEAZE;
						ProvisioningStyle = Automatic;
					};
				};
			};
			buildConfigurationList = F45B44721F4FBA7F004CD67F /* Build configuration list for PBXProject "ScreenRecord" */;
			compatibilityVersion = "Xcode 3.2";
			developmentRegion = English;
			hasScannedForEncodings = 0;
			knownRegions = (
				en,
				Base,
			);
			mainGroup = F45B446E1F4FBA7F004CD67F;
			productRefGroup = F45B44781F4FBA7F004CD67F /* Products */;
			projectDirPath = "";
			projectRoot = "";
			targets = (
				F45B44761F4FBA7F004CD67F /* ScreenRecord */,
			);
		};
/* End PBXProject section */

/* Begin PBXResourcesBuildPhase section */
		F45B44751F4FBA7F004CD67F /* Resources */ = {
			isa = PBXResourcesBuildPhase;
			buildActionMask = 2147483647;
			files = (
				F45B44851F4FBA7F004CD67F /* LaunchScreen.storyboard in Resources */,
				F45B44821F4FBA7F004CD67F /* Assets.xcassets in Resources */,
				F45B44801F4FBA7F004CD67F /* Main.storyboard in Resources */,
			);
			runOnlyForDeploymentPostprocessing = 0;
		};
/* End PBXResourcesBuildPhase section */

/* Begin PBXSourcesBuildPhase section */
		F45B44731F4FBA7F004CD67F /* Sources */ = {
			isa = PBXSourcesBuildPhase;
			buildActionMask = 2147483647;
			files = (
				F45B447D1F4FBA7F004CD67F /* ViewController.swift in Sources */,
				F45B447B1F4FBA7F004CD67F /* AppDelegate.swift in Sources */,
			);
			runOnlyForDeploymentPostprocessing = 0;
		};
/* End PBXSourcesBuildPhase section */

/* Begin PBXVariantGroup section */
		F45B447E1F4FBA7F004CD67F /* Main.storyboard */ = {
			isa = PBXVariantGroup;
			children = (
				F45B447F1F4FBA7F004CD67F /* Base */,
			);
			name = Main.storyboard;
			sourceTree = "<group>";
		};
		F45B44831F4FBA7F004CD67F /* LaunchScreen.storyboard */ = {
			isa = PBXVariantGroup;
			children = (
				F45B44841F4FBA7F004CD67F /* Base */,
			);
			name = LaunchScreen.storyboard;
			sourceTree = "<group>";
		};
/* End PBXVariantGroup section */

/* Begin XCBuildConfiguration section */
		F45B44871F4FBA7F004CD67F /* Debug */ = {
			isa = XCBuildConfiguration;
			buildSettings = {
				ALWAYS_SEARCH_USER_PATHS = NO;
				CLANG_ANALYZER_NONNULL = YES;
				CLANG_ANALYZER_NUMBER_OBJECT_CONVERSION = YES_AGGRESSIVE;
				CLANG_CXX_LANGUAGE_STANDARD = "gnu++0x";
				CLANG_CXX_LIBRARY = "libc++";
				CLANG_ENABLE_MODULES = YES;
				CLANG_ENABLE_OBJC_ARC = YES;
				CLANG_WARN_BOOL_CONVERSION = YES;
				CLANG_WARN_CONSTANT_CONVERSION = YES;
				CLANG_WARN_DIRECT_OBJC_ISA_USAGE = YES_ERROR;
				CLANG_WARN_DOCUMENTATION_COMMENTS = YES;
				CLANG_WARN_EMPTY_BODY = YES;
				CLANG_WARN_ENUM_CONVERSION = YES;
				CLANG_WARN_INFINITE_RECURSION = YES;
				CLANG_WARN_INT_CONVERSION = YES;
				CLANG_WARN_OBJC_ROOT_CLASS = YES_ERROR;
				CLANG_WARN_SUSPICIOUS_MOVE = YES;
				CLANG_WARN_UNREACHABLE_CODE = YES;
				CLANG_WARN__DUPLICATE_METHOD_MATCH = YES;
				"CODE_SIGN_IDENTITY[sdk=iphoneos*]" = "iPhone Developer";
				COPY_PHASE_STRIP = NO;
				DEBUG_INFORMATION_FORMAT = dwarf;
				ENABLE_STRICT_OBJC_MSGSEND = YES;
				ENABLE_TESTABILITY = YES;
				GCC_C_LANGUAGE_STANDARD = gnu99;
				GCC_DYNAMIC_NO_PIC = NO;
				GCC_NO_COMMON_BLOCKS = YES;
				GCC_OPTIMIZATION_LEVEL = 0;
				GCC_PREPROCESSOR_DEFINITIONS = (
					"DEBUG=1",
					"$(inherited)",
				);
				GCC_WARN_64_TO_32_BIT_CONVERSION = YES;
				GCC_WARN_ABOUT_RETURN_TYPE = YES_ERROR;
				GCC_WARN_UNDECLARED_SELECTOR = YES;
				GCC_WARN_UNINITIALIZED_AUTOS = YES_AGGRESSIVE;
				GCC_WARN_UNUSED_FUNCTION = YES;
				GCC_WARN_UNUSED_VARIABLE = YES;
				IPHONEOS_DEPLOYMENT_TARGET = 10.3;
				MTL_ENABLE_DEBUG_INFO = YES;
				ONLY_ACTIVE_ARCH = YES;
				SDKROOT = iphoneos;
				SWIFT_ACTIVE_COMPILATION_CONDITIONS = DEBUG;
				SWIFT_OPTIMIZATION_LEVEL = "-Onone";
			};
			name = Debug;
		};
		F45B44881F4FBA7F004CD67F /* Release */ = {
			isa = XCBuildConfiguration;
			buildSettings = {
				ALWAYS_SEARCH_USER_PATHS = NO;
				CLANG_ANALYZER_NONNULL = YES;
				CLANG_ANALYZER_NUMBER_OBJECT_CONVERSION = YES_AGGRESSIVE;
				CLANG_CXX_LANGUAGE_STANDARD = "gnu++0x";
				CLANG_CXX_LIBRARY = "libc++";
				CLANG_ENABLE_MODULES = YES;
				CLANG_ENABLE_OBJC_ARC = YES;
				CLANG_WARN_BOOL_CONVERSION = YES;
				CLANG_WARN_CONSTANT_CONVERSION = YES;
				CLANG_WARN_DIRECT_OBJC_ISA_USAGE = YES_ERROR;
				CLANG_WARN_DOCUMENTATION_COMMENTS = YES;
				CLANG_WARN_EMPTY_BODY = YES;
				CLANG_WARN_ENUM_CONVERSION = YES;
				CLANG_WARN_INFINITE_RECURSION = YES;
				CLANG_WARN_INT_CONVERSION = YES;
				CLANG_WARN_OBJC_ROOT_CLASS = YES_ERROR;
				CLANG_WARN_SUSPICIOUS_MOVE = YES;
				CLANG_WARN_UNREACHABLE_CODE = YES;
				CLANG_WARN__DUPLICATE_METHOD_MATCH = YES;
				"CODE_SIGN_IDENTITY[sdk=iphoneos*]" = "iPhone Developer";
				COPY_PHASE_STRIP = NO;
				DEBUG_INFORMATION_FORMAT = "dwarf-with-dsym";
				ENABLE_NS_ASSERTIONS = NO;
				ENABLE_STRICT_OBJC_MSGSEND = YES;
				GCC_C_LANGUAGE_STANDARD = gnu99;
				GCC_NO_COMMON_BLOCKS = YES;
				GCC_WARN_64_TO_32_BIT_CONVERSION = YES;
				GCC_WARN_ABOUT_RETURN_TYPE = YES_ERROR;
				GCC_WARN_UNDECLARED_SELECTOR = YES;
				GCC_WARN_UNINITIALIZED_AUTOS = YES_AGGRESSIVE;
				GCC_WARN_UNUSED_FUNCTION = YES;
				GCC_WARN_UNUSED_VARIABLE = YES;
				IPHONEOS_DEPLOYMENT_TARGET = 10.3;
				MTL_ENABLE_DEBUG_INFO = NO;
				SDKROOT = iphoneos;
				SWIFT_OPTIMIZATION_LEVEL = "-Owholemodule";
				VALIDATE_PRODUCT = YES;
			};
			name = Release;
		};
		F45B448A1F4FBA7F004CD67F /* Debug */ = {
			isa = XCBuildConfiguration;
			buildSettings = {
				ASSETCATALOG_COMPILER_APPICON_NAME = AppIcon;
				DEVELOPMENT_TEAM = DTTYHBEAZE;
				INFOPLIST_FILE = ScreenRecord/Info.plist;
				IPHONEOS_DEPLOYMENT_TARGET = 11.2;
				LD_RUNPATH_SEARCH_PATHS = "$(inherited) @executable_path/Frameworks";
				PRODUCT_BUNDLE_IDENTIFIER = xleeif00.GoogleMap;
				PRODUCT_NAME = "$(TARGET_NAME)";
				SWIFT_VERSION = 3.0;
			};
			name = Debug;
		};
		F45B448B1F4FBA7F004CD67F /* Release */ = {
			isa = XCBuildConfiguration;
			buildSettings = {
				ASSETCATALOG_COMPILER_APPICON_NAME = AppIcon;
				DEVELOPMENT_TEAM = DTTYHBEAZE;
				INFOPLIST_FILE = ScreenRecord/Info.plist;
				IPHONEOS_DEPLOYMENT_TARGET = 11.2;
				LD_RUNPATH_SEARCH_PATHS = "$(inherited) @executable_path/Frameworks";
				PRODUCT_BUNDLE_IDENTIFIER = xleeif00.GoogleMap;
				PRODUCT_NAME = "$(TARGET_NAME)";
				SWIFT_VERSION = 3.0;
			};
			name = Release;
		};
/* End XCBuildConfiguration section */

/* Begin XCConfigurationList section */
		F45B44721F4FBA7F004CD67F /* Build configuration list for PBXProject "ScreenRecord" */ = {
			isa = XCConfigurationList;
			buildConfigurations = (
				F45B44871F4FBA7F004CD67F /* Debug */,
				F45B44881F4FBA7F004CD67F /* Release */,
			);
			defaultConfigurationIsVisible = 0;
			defaultConfigurationName = Release;
		};
		F45B44891F4FBA7F004CD67F /* Build configuration list for PBXNativeTarget "ScreenRecord" */ = {
			isa = XCConfigurationList;
			buildConfigurations = (
				F45B448A1F4FBA7F004CD67F /* Debug */,
				F45B448B1F4FBA7F004CD67F /* Release */,
			);
			defaultConfigurationIsVisible = 0;
			defaultConfigurationName = Release;
		};
/* End XCConfigurationList section */
	};
	rootObject = F45B446F1F4FBA7F004CD67F /* Project object */;
}
